
Microsoft Visual Studio Solution File, Format Version 12.00
Project("{FAE04EC0-301F-11D3-BF4B-00C04F79EFBC}") = "TechTask", "TechTask.csproj", "{93F2439F-218A-46A4-958C-B40DFFB4260C}"
EndProject
Global
	GlobalSection(SolutionConfigurationPlatforms) = preSolution
		Debug|Any CPU = Debug|Any CPU
		Release|Any CPU = Release|Any CPU
	EndGlobalSection
	GlobalSection(ProjectConfigurationPlatforms) = postSolution
		{93F2439F-218A-46A4-958C-B40DFFB4260C}.Debug|Any CPU.ActiveCfg = Debug|Any CPU
		{93F2439F-218A-46A4-958C-B40DFFB4260C}.Debug|Any CPU.Build.0 = Debug|Any CPU
		{93F2439F-218A-46A4-958C-B40DFFB4260C}.Release|Any CPU.ActiveCfg = Release|Any CPU
		{93F2439F-218A-46A4-958C-B40DFFB4260C}.Release|Any CPU.Build.0 = Release|Any CPU
	EndGlobalSection
EndGlobal
